
Microsoft Visual Studio Solution File, Format Version 12.00
# Visual Studio 14
VisualStudioVersion = 14.0.23107.0
MinimumVisualStudioVersion = 10.0.40219.1
Project("{FAE04EC0-301F-11D3-BF4B-00C04F79EFBC}") = "DynamicConfigurationManager", "DynamicConfigurationManager\DynamicConfigurationManager.csproj", "{94D33877-0F85-4998-A3CB-73DD83441924}"
EndProject
Project("{2150E333-8FDC-42A3-9474-1A3956D46DE8}") = "Solution Items", "Solution Items", "{32810769-718A-46EC-83B4-ECFF3750A509}"
	ProjectSection(SolutionItems) = preProject
		LICENSE = LICENSE
		README.md = README.md
	EndProjectSection
EndProject
Project("{FAE04EC0-301F-11D3-BF4B-00C04F79EFBC}") = "DynamicConfigurationManager.Test", "DynamicConfigurationManager.UnitTests\DynamicConfigurationManager.Test.csproj", "{13963D53-D819-40AA-AFF3-97A07648D16F}"
EndProject
Global
	GlobalSection(SolutionConfigurationPlatforms) = preSolution
		Debug|Any CPU = Debug|Any CPU
		Release|Any CPU = Release|Any CPU
	EndGlobalSection
	GlobalSection(ProjectConfigurationPlatforms) = postSolution
		{94D33877-0F85-4998-A3CB-73DD83441924}.Debug|Any CPU.ActiveCfg = Debug|Any CPU
		{94D33877-0F85-4998-A3CB-73DD83441924}.Debug|Any CPU.Build.0 = Debug|Any CPU
		{94D33877-0F85-4998-A3CB-73DD83441924}.Release|Any CPU.ActiveCfg = Release|Any CPU
		{94D33877-0F85-4998-A3CB-73DD83441924}.Release|Any CPU.Build.0 = Release|Any CPU
		{13963D53-D819-40AA-AFF3-97A07648D16F}.Debug|Any CPU.ActiveCfg = Debug|Any CPU
		{13963D53-D819-40AA-AFF3-97A07648D16F}.Debug|Any CPU.Build.0 = Debug|Any CPU
		{13963D53-D819-40AA-AFF3-97A07648D16F}.Release|Any CPU.ActiveCfg = Release|Any CPU
		{13963D53-D819-40AA-AFF3-97A07648D16F}.Release|Any CPU.Build.0 = Release|Any CPU
	EndGlobalSection
	GlobalSection(SolutionProperties) = preSolution
		HideSolutionNode = FALSE
	EndGlobalSection
EndGlobal
